
Microsoft Visual Studio Solution File, Format Version 12.00
# Visual Studio Version 17
VisualStudioVersion = 17.13.35931.197 d17.13
MinimumVisualStudioVersion = 10.0.40219.1
Project("{FAE04EC0-301F-11D3-BF4B-00C04F79EFBC}") = "ComputerStore.Domain", "ComputerStore.Domain\ComputerStore.Domain.csproj", "{B76574B0-CFEF-4917-9BBC-C224AFB4CB4F}"
EndProject
Project("{FAE04EC0-301F-11D3-BF4B-00C04F79EFBC}") = "ComputerStore.Application", "ComputerStore.Application\ComputerStore.Application.csproj", "{C4E70F94-532E-42DB-A72C-D6FAEFDB8DB8}"
EndProject
Project("{FAE04EC0-301F-11D3-BF4B-00C04F79EFBC}") = "ComputerStore.Infrastructure", "ComputerStore.Infrastructure\ComputerStore.Infrastructure.csproj", "{2E3B5E78-F946-47F8-9495-1124B6D09105}"
EndProject
Project("{FAE04EC0-301F-11D3-BF4B-00C04F79EFBC}") = "ComputerStore.WebApi", "ComputerStore.WebApi\ComputerStore.WebApi.csproj", "{68D8AF09-8530-43C7-AD11-DE632E1861AD}"
EndProject
Project("{FAE04EC0-301F-11D3-BF4B-00C04F79EFBC}") = "ComputerStore.Tests", "ComputerStore.Tests\ComputerStore.Tests.csproj", "{0D6F7F6D-85A1-423A-A18E-87779101FAF4}"
EndProject
Global
	GlobalSection(SolutionConfigurationPlatforms) = preSolution
		Debug|Any CPU = Debug|Any CPU
		Release|Any CPU = Release|Any CPU
	EndGlobalSection
	GlobalSection(ProjectConfigurationPlatforms) = postSolution
		{B76574B0-CFEF-4917-9BBC-C224AFB4CB4F}.Debug|Any CPU.ActiveCfg = Debug|Any CPU
		{B76574B0-CFEF-4917-9BBC-C224AFB4CB4F}.Debug|Any CPU.Build.0 = Debug|Any CPU
		{B76574B0-CFEF-4917-9BBC-C224AFB4CB4F}.Release|Any CPU.ActiveCfg = Release|Any CPU
		{B76574B0-CFEF-4917-9BBC-C224AFB4CB4F}.Release|Any CPU.Build.0 = Release|Any CPU
		{C4E70F94-532E-42DB-A72C-D6FAEFDB8DB8}.Debug|Any CPU.ActiveCfg = Debug|Any CPU
		{C4E70F94-532E-42DB-A72C-D6FAEFDB8DB8}.Debug|Any CPU.Build.0 = Debug|Any CPU
		{C4E70F94-532E-42DB-A72C-D6FAEFDB8DB8}.Release|Any CPU.ActiveCfg = Release|Any CPU
		{C4E70F94-532E-42DB-A72C-D6FAEFDB8DB8}.Release|Any CPU.Build.0 = Release|Any CPU
		{2E3B5E78-F946-47F8-9495-1124B6D09105}.Debug|Any CPU.ActiveCfg = Debug|Any CPU
		{2E3B5E78-F946-47F8-9495-1124B6D09105}.Debug|Any CPU.Build.0 = Debug|Any CPU
		{2E3B5E78-F946-47F8-9495-1124B6D09105}.Release|Any CPU.ActiveCfg = Release|Any CPU
		{2E3B5E78-F946-47F8-9495-1124B6D09105}.Release|Any CPU.Build.0 = Release|Any CPU
		{68D8AF09-8530-43C7-AD11-DE632E1861AD}.Debug|Any CPU.ActiveCfg = Debug|Any CPU
		{68D8AF09-8530-43C7-AD11-DE632E1861AD}.Debug|Any CPU.Build.0 = Debug|Any CPU
		{68D8AF09-8530-43C7-AD11-DE632E1861AD}.Release|Any CPU.ActiveCfg = Release|Any CPU
		{68D8AF09-8530-43C7-AD11-DE632E1861AD}.Release|Any CPU.Build.0 = Release|Any CPU
		{0D6F7F6D-85A1-423A-A18E-87779101FAF4}.Debug|Any CPU.ActiveCfg = Debug|Any CPU
		{0D6F7F6D-85A1-423A-A18E-87779101FAF4}.Debug|Any CPU.Build.0 = Debug|Any CPU
		{0D6F7F6D-85A1-423A-A18E-87779101FAF4}.Release|Any CPU.ActiveCfg = Release|Any CPU
		{0D6F7F6D-85A1-423A-A18E-87779101FAF4}.Release|Any CPU.Build.0 = Release|Any CPU
	EndGlobalSection
	GlobalSection(SolutionProperties) = preSolution
		HideSolutionNode = FALSE
	EndGlobalSection
	GlobalSection(ExtensibilityGlobals) = postSolution
		SolutionGuid = {18491C48-1D97-4E5F-84B9-4BDC72196DEE}
	EndGlobalSection
EndGlobal
